{
  "name": "@cley_faye/memcached-socket",
  "version": "0.1.0",
  "lockfileVersion": 1,
  "requires": true,
  "dependencies": {
    "esm": {
      "version": "3.2.15",
      "resolved": "http://10.0.1.9:8081/repository/npm-keeex/esm/-/esm-3.2.15.tgz",
      "integrity": "sha512-GcKZRSlQ/QevC/t94FXYKbUobSTArdLfRBAV6t6HIguoUBfuFGomxSZbsRHySaTppixC9jtmzAX+0GF4tbJaJA=="
    }
  }
}
